// !$*UTF8*$!
{
	archiveVersion = 1;
	classes = {
	};
	objectVersion = 46;
	objects = {

/* Begin PBXBuildFile section */
		DBB6FA5A1EF1D45A0076CDAA /* AppDelegate.swift in Sources */ = {isa = PBXBuildFile; fileRef = DBB6FA591EF1D45A0076CDAA /* AppDelegate.swift */; };
		DBB6FA5C1EF1D45A0076CDAA /* ViewController.swift in Sources */ = {isa = PBXBuildFile; fileRef = DBB6FA5B1EF1D45A0076CDAA /* ViewController.swift */; };
		DBB6FA5F1EF1D45A0076CDAA /* Main.storyboard in Resources */ = {isa = PBXBuildFile; fileRef = DBB6FA5D1EF1D45A0076CDAA /* Main.storyboard */; };
		DBB6FA611EF1D45A0076CDAA /* Assets.xcassets in Resources */ = {isa = PBXBuildFile; fileRef = DBB6FA601EF1D45A0076CDAA /* Assets.xcassets */; };
		DBB6FA641EF1D45A0076CDAA /* LaunchScreen.storyboard in Resources */ = {isa = PBXBuildFile; fileRef = DBB6FA621EF1D45A0076CDAA /* LaunchScreen.storyboard */; };
/* End PBXBuildFile section */

/* Begin PBXFileReference section */
		DBB6FA561EF1D45A0076CDAA /* PokemonGORadar.app */ = {isa = PBXFileReference; explicitFileType = wrapper.application; includeInIndex = 0; path = PokemonGORadar.app; sourceTree = BUILT_PRODUCTS_DIR; };
		DBB6FA591EF1D45A0076CDAA /* AppDelegate.swift */ = {isa = PBXFileReference; lastKnownFileType = sourcecode.swift; path = AppDelegate.swift; sourceTree = "<group>"; };
		DBB6FA5B1EF1D45A0076CDAA /* ViewController.swift */ = {isa = PBXFileReference; lastKnownFileType = sourcecode.swift; path = ViewController.swift; sourceTree = "<group>"; };
		DBB6FA5E1EF1D45A0076CDAA /* Base */ = {isa = PBXFileReference; lastKnownFileType = file.storyboard; name = Base; path = Base.lproj/Main.storyboard; sourceTree = "<group>"; };
		DBB6FA601EF1D45A0076CDAA /* Assets.xcassets */ = {isa = PBXFileReference; lastKnownFileType = folder.assetcatalog; path = Assets.xcassets; sourceTree = "<group>"; };
		DBB6FA631EF1D45A0076CDAA /* Base */ = {isa = PBXFileReference; lastKnownFileType = file.storyboard; name = Base; path = Base.lproj/LaunchScreen.storyboard; sourceTree = "<group>"; };
		DBB6FA651EF1D45A0076CDAA /* Info.plist */ = {isa = PBXFileReference; lastKnownFileType = text.plist.xml; path = Info.plist; sourceTree = "<group>"; };
/* End PBXFileReference section */

/* Begin PBXFrameworksBuildPhase section */
		DBB6FA531EF1D45A0076CDAA /* Frameworks */ = {
			isa = PBXFrameworksBuildPhase;
			buildActionMask = 2147483647;
			files = (
			);
			runOnlyForDeploymentPostprocessing = 0;
		};
/* End PBXFrameworksBuildPhase section */

/* Begin PBXGroup section */
		DBB6FA4D1EF1D45A0076CDAA = {
			isa = PBXGroup;
			children = (
				DBB6FA581EF1D45A0076CDAA /* PokemonGORadar */,
				DBB6FA571EF1D45A0076CDAA /* Products */,
			);
			sourceTree = "<group>";
		};
		DBB6FA571EF1D45A0076CDAA /* Products */ = {
			isa = PBXGroup;
			children = (
				DBB6FA561EF1D45A0076CDAA /* PokemonGORadar.app */,
			);
			name = Products;
			sourceTree = "<group>";
		};
		DBB6FA581EF1D45A0076CDAA /* PokemonGORadar */ = {
			isa = PBXGroup;
			children = (
				DBB6FA591EF1D45A0076CDAA /* AppDelegate.swift */,
				DBB6FA5B1EF1D45A0076CDAA /* ViewController.swift */,
				DBB6FA5D1EF1D45A0076CDAA /* Main.storyboard */,
				DBB6FA601EF1D45A0076CDAA /* Assets.xcassets */,
				DBB6FA621EF1D45A0076CDAA /* LaunchScreen.storyboard */,
				DBB6FA651EF1D45A0076CDAA /* Info.plist */,
			);
			path = PokemonGORadar;
			sourceTree = "<group>";
		};
/* End PBXGroup section */

/* Begin PBXNativeTarget section */
		DBB6FA551EF1D45A0076CDAA /* PokemonGORadar */ = {
			isa = PBXNativeTarget;
			buildConfigurationList = DBB6FA681EF1D45A0076CDAA /* Build configuration list for PBXNativeTarget "PokemonGORadar" */;
			buildPhases = (
				DBB6FA521EF1D45A0076CDAA /* Sources */,
				DBB6FA531EF1D45A0076CDAA /* Frameworks */,
				DBB6FA541EF1D45A0076CDAA /* Resources */,
			);
			buildRules = (
			);
			dependencies = (
			);
			name = PokemonGORadar;
			productName = PokemonGORadar;
			productReference = DBB6FA561EF1D45A0076CDAA /* PokemonGORadar.app */;
			productType = "com.apple.product-type.application";
		};
/* End PBXNativeTarget section */

/* Begin PBXProject section */
		DBB6FA4E1EF1D45A0076CDAA /* Project object */ = {
			isa = PBXProject;
			attributes = {
				LastSwiftUpdateCheck = 0830;
				LastUpgradeCheck = 0830;
				ORGANIZATIONNAME = "Pavel Parkhomey";
				TargetAttributes = {
					DBB6FA551EF1D45A0076CDAA = {
						CreatedOnToolsVersion = 8.3.2;
						DevelopmentTeam = 6X88V8MC7R;
						ProvisioningStyle = Automatic;
					};
				};
			};
			buildConfigurationList = DBB6FA511EF1D45A0076CDAA /* Build configuration list for PBXProject "PokemonGORadar" */;
			compatibilityVersion = "Xcode 3.2";
			developmentRegion = English;
			hasScannedForEncodings = 0;
			knownRegions = (
				en,
				Base,
			);
			mainGroup = DBB6FA4D1EF1D45A0076CDAA;
			productRefGroup = DBB6FA571EF1D45A0076CDAA /* Products */;
			projectDirPath = "";
			projectRoot = "";
			targets = (
				DBB6FA551EF1D45A0076CDAA /* PokemonGORadar */,
			);
		};
/* End PBXProject section */

/* Begin PBXResourcesBuildPhase section */
		DBB6FA541EF1D45A0076CDAA /* Resources */ = {
			isa = PBXResourcesBuildPhase;
			buildActionMask = 2147483647;
			files = (
				DBB6FA641EF1D45A0076CDAA /* LaunchScreen.storyboard in Resources */,
				DBB6FA611EF1D45A0076CDAA /* Assets.xcassets in Resources */,
				DBB6FA5F1EF1D45A0076CDAA /* Main.storyboard in Resources */,
			);
			runOnlyForDeploymentPostprocessing = 0;
		};
/* End PBXResourcesBuildPhase section */

/* Begin PBXSourcesBuildPhase section */
		DBB6FA521EF1D45A0076CDAA /* Sources */ = {
			isa = PBXSourcesBuildPhase;
			buildActionMask = 2147483647;
			files = (
				DBB6FA5C1EF1D45A0076CDAA /* ViewController.swift in Sources */,
				DBB6FA5A1EF1D45A0076CDAA /* AppDelegate.swift in Sources */,
			);
			runOnlyForDeploymentPostprocessing = 0;
		};
/* End PBXSourcesBuildPhase section */

/* Begin PBXVariantGroup section */
		DBB6FA5D1EF1D45A0076CDAA /* Main.storyboard */ = {
			isa = PBXVariantGroup;
			children = (
				DBB6FA5E1EF1D45A0076CDAA /* Base */,
			);
			name = Main.storyboard;
			sourceTree = "<group>";
		};
		DBB6FA621EF1D45A0076CDAA /* LaunchScreen.storyboard */ = {
			isa = PBXVariantGroup;
			children = (
				DBB6FA631EF1D45A0076CDAA /* Base */,
			);
			name = LaunchScreen.storyboard;
			sourceTree = "<group>";
		};
/* End PBXVariantGroup section */

/* Begin XCBuildConfiguration section */
		DBB6FA661EF1D45A0076CDAA /* Debug */ = {
			isa = XCBuildConfiguration;
			buildSettings = {
				ALWAYS_SEARCH_USER_PATHS = NO;
				CLANG_ANALYZER_NONNULL = YES;
				CLANG_ANALYZER_NUMBER_OBJECT_CONVERSION = YES_AGGRESSIVE;
				CLANG_CXX_LANGUAGE_STANDARD = "gnu++0x";
				CLANG_CXX_LIBRARY = "libc++";
				CLANG_ENABLE_MODULES = YES;
				CLANG_ENABLE_OBJC_ARC = YES;
				CLANG_WARN_BOOL_CONVERSION = YES;
				CLANG_WARN_CONSTANT_CONVERSION = YES;
				CLANG_WARN_DIRECT_OBJC_ISA_USAGE = YES_ERROR;
				CLANG_WARN_DOCUMENTATION_COMMENTS = YES;
				CLANG_WARN_EMPTY_BODY = YES;
				CLANG_WARN_ENUM_CONVERSION = YES;
				CLANG_WARN_INFINITE_RECURSION = YES;
				CLANG_WARN_INT_CONVERSION = YES;
				CLANG_WARN_OBJC_ROOT_CLASS = YES_ERROR;
				CLANG_WARN_SUSPICIOUS_MOVE = YES;
				CLANG_WARN_UNREACHABLE_CODE = YES;
				CLANG_WARN__DUPLICATE_METHOD_MATCH = YES;
				"CODE_SIGN_IDENTITY[sdk=iphoneos*]" = "iPhone Developer";
				COPY_PHASE_STRIP = NO;
				DEBUG_INFORMATION_FORMAT = dwarf;
				ENABLE_STRICT_OBJC_MSGSEND = YES;
				ENABLE_TESTABILITY = YES;
				GCC_C_LANGUAGE_STANDARD = gnu99;
				GCC_DYNAMIC_NO_PIC = NO;
				GCC_NO_COMMON_BLOCKS = YES;
				GCC_OPTIMIZATION_LEVEL = 0;
				GCC_PREPROCESSOR_DEFINITIONS = (
					"DEBUG=1",
					"$(inherited)",
				);
				GCC_WARN_64_TO_32_BIT_CONVERSION = YES;
				GCC_WARN_ABOUT_RETURN_TYPE = YES_ERROR;
				GCC_WARN_UNDECLARED_SELECTOR = YES;
				GCC_WARN_UNINITIALIZED_AUTOS = YES_AGGRESSIVE;
				GCC_WARN_UNUSED_FUNCTION = YES;
				GCC_WARN_UNUSED_VARIABLE = YES;
				IPHONEOS_DEPLOYMENT_TARGET = 10.3;
				MTL_ENABLE_DEBUG_INFO = YES;
				ONLY_ACTIVE_ARCH = YES;
				SDKROOT = iphoneos;
				SWIFT_ACTIVE_COMPILATION_CONDITIONS = DEBUG;
				SWIFT_OPTIMIZATION_LEVEL = "-Onone";
			};
			name = Debug;
		};
		DBB6FA671EF1D45A0076CDAA /* Release */ = {
			isa = XCBuildConfiguration;
			buildSettings = {
				ALWAYS_SEARCH_USER_PATHS = NO;
				CLANG_ANALYZER_NONNULL = YES;
				CLANG_ANALYZER_NUMBER_OBJECT_CONVERSION = YES_AGGRESSIVE;
				CLANG_CXX_LANGUAGE_STANDARD = "gnu++0x";
				CLANG_CXX_LIBRARY = "libc++";
				CLANG_ENABLE_MODULES = YES;
				CLANG_ENABLE_OBJC_ARC = YES;
				CLANG_WARN_BOOL_CONVERSION = YES;
				CLANG_WARN_CONSTANT_CONVERSION = YES;
				CLANG_WARN_DIRECT_OBJC_ISA_USAGE = YES_ERROR;
				CLANG_WARN_DOCUMENTATION_COMMENTS = YES;
				CLANG_WARN_EMPTY_BODY = YES;
				CLANG_WARN_ENUM_CONVERSION = YES;
				CLANG_WARN_INFINITE_RECURSION = YES;
				CLANG_WARN_INT_CONVERSION = YES;
				CLANG_WARN_OBJC_ROOT_CLASS = YES_ERROR;
				CLANG_WARN_SUSPICIOUS_MOVE = YES;
				CLANG_WARN_UNREACHABLE_CODE = YES;
				CLANG_WARN__DUPLICATE_METHOD_MATCH = YES;
				"CODE_SIGN_IDENTITY[sdk=iphoneos*]" = "iPhone Developer";
				COPY_PHASE_STRIP = NO;
				DEBUG_INFORMATION_FORMAT = "dwarf-with-dsym";
				ENABLE_NS_ASSERTIONS = NO;
				ENABLE_STRICT_OBJC_MSGSEND = YES;
				GCC_C_LANGUAGE_STANDARD = gnu99;
				GCC_NO_COMMON_BLOCKS = YES;
				GCC_WARN_64_TO_32_BIT_CONVERSION = YES;
				GCC_WARN_ABOUT_RETURN_TYPE = YES_ERROR;
				GCC_WARN_UNDECLARED_SELECTOR = YES;
				GCC_WARN_UNINITIALIZED_AUTOS = YES_AGGRESSIVE;
				GCC_WARN_UNUSED_FUNCTION = YES;
				GCC_WARN_UNUSED_VARIABLE = YES;
				IPHONEOS_DEPLOYMENT_TARGET = 10.3;
				MTL_ENABLE_DEBUG_INFO = NO;
				SDKROOT = iphoneos;
				SWIFT_OPTIMIZATION_LEVEL = "-Owholemodule";
				VALIDATE_PRODUCT = YES;
			};
			name = Release;
		};
		DBB6FA691EF1D45A0076CDAA /* Debug */ = {
			isa = XCBuildConfiguration;
			buildSettings = {
				ASSETCATALOG_COMPILER_APPICON_NAME = AppIcon;
				DEVELOPMENT_TEAM = 6X88V8MC7R;
				INFOPLIST_FILE = PokemonGORadar/Info.plist;
				LD_RUNPATH_SEARCH_PATHS = "$(inherited) @executable_path/Frameworks";
				PRODUCT_BUNDLE_IDENTIFIER = com.MyApp.PokemonGORadar;
				PRODUCT_NAME = "$(TARGET_NAME)";
				SWIFT_VERSION = 3.0;
			};
			name = Debug;
		};
		DBB6FA6A1EF1D45A0076CDAA /* Release */ = {
			isa = XCBuildConfiguration;
			buildSettings = {
				ASSETCATALOG_COMPILER_APPICON_NAME = AppIcon;
				DEVELOPMENT_TEAM = 6X88V8MC7R;
				INFOPLIST_FILE = PokemonGORadar/Info.plist;
				LD_RUNPATH_SEARCH_PATHS = "$(inherited) @executable_path/Frameworks";
				PRODUCT_BUNDLE_IDENTIFIER = com.MyApp.PokemonGORadar;
				PRODUCT_NAME = "$(TARGET_NAME)";
				SWIFT_VERSION = 3.0;
			};
			name = Release;
		};
/* End XCBuildConfiguration section */

/* Begin XCConfigurationList section */
		DBB6FA511EF1D45A0076CDAA /* Build configuration list for PBXProject "PokemonGORadar" */ = {
			isa = XCConfigurationList;
			buildConfigurations = (
				DBB6FA661EF1D45A0076CDAA /* Debug */,
				DBB6FA671EF1D45A0076CDAA /* Release */,
			);
			defaultConfigurationIsVisible = 0;
			defaultConfigurationName = Release;
		};
		DBB6FA681EF1D45A0076CDAA /* Build configuration list for PBXNativeTarget "PokemonGORadar" */ = {
			isa = XCConfigurationList;
			buildConfigurations = (
				DBB6FA691EF1D45A0076CDAA /* Debug */,
				DBB6FA6A1EF1D45A0076CDAA /* Release */,
			);
			defaultConfigurationIsVisible = 0;
		};
/* End XCConfigurationList section */
	};
	rootObject = DBB6FA4E1EF1D45A0076CDAA /* Project object */;
}
