// !$*UTF8*$!
{
	archiveVersion = 1;
	classes = {
	};
	objectVersion = 46;
	objects = {

/* Begin PBXBuildFile section */
		A0B737F158AC2882F6EB53D6 /* Pods_PokemonGORadar.framework in Frameworks */ = {isa = PBXBuildFile; fileRef = EAE3A48B08799682CC61E9CD /* Pods_PokemonGORadar.framework */; };
		DB8EDB5F1EF3345900097B56 /* GeoFire.m in Sources */ = {isa = PBXBuildFile; fileRef = DB8EDB561EF3345900097B56 /* GeoFire.m */; };
		DB8EDB601EF3345900097B56 /* GFBase32Utils.m in Sources */ = {isa = PBXBuildFile; fileRef = DB8EDB581EF3345900097B56 /* GFBase32Utils.m */; };
		DB8EDB611EF3345900097B56 /* GFGeoHash.m in Sources */ = {isa = PBXBuildFile; fileRef = DB8EDB5A1EF3345900097B56 /* GFGeoHash.m */; };
		DB8EDB621EF3345900097B56 /* GFGeoHashQuery.m in Sources */ = {isa = PBXBuildFile; fileRef = DB8EDB5C1EF3345900097B56 /* GFGeoHashQuery.m */; };
		DB8EDB631EF3345900097B56 /* GFQuery.m in Sources */ = {isa = PBXBuildFile; fileRef = DB8EDB5E1EF3345900097B56 /* GFQuery.m */; };
		DB8EDB6C1F01B53500097B56 /* PokeAnnotation.swift in Sources */ = {isa = PBXBuildFile; fileRef = DB8EDB6B1F01B53500097B56 /* PokeAnnotation.swift */; };
		DBB6FA5A1EF1D45A0076CDAA /* AppDelegate.swift in Sources */ = {isa = PBXBuildFile; fileRef = DBB6FA591EF1D45A0076CDAA /* AppDelegate.swift */; };
		DBB6FA5C1EF1D45A0076CDAA /* ViewController.swift in Sources */ = {isa = PBXBuildFile; fileRef = DBB6FA5B1EF1D45A0076CDAA /* ViewController.swift */; };
		DBB6FA5F1EF1D45A0076CDAA /* Main.storyboard in Resources */ = {isa = PBXBuildFile; fileRef = DBB6FA5D1EF1D45A0076CDAA /* Main.storyboard */; };
		DBB6FA611EF1D45A0076CDAA /* Assets.xcassets in Resources */ = {isa = PBXBuildFile; fileRef = DBB6FA601EF1D45A0076CDAA /* Assets.xcassets */; };
		DBB6FA641EF1D45A0076CDAA /* LaunchScreen.storyboard in Resources */ = {isa = PBXBuildFile; fileRef = DBB6FA621EF1D45A0076CDAA /* LaunchScreen.storyboard */; };
		DBB6FA6C1EF32A380076CDAA /* GoogleService-Info.plist in Resources */ = {isa = PBXBuildFile; fileRef = DBB6FA6B1EF32A380076CDAA /* GoogleService-Info.plist */; };
/* End PBXBuildFile section */

/* Begin PBXFileReference section */
		8E8EE337020BCF4EFCB077A0 /* Pods-PokemonGORadar.release.xcconfig */ = {isa = PBXFileReference; includeInIndex = 1; lastKnownFileType = text.xcconfig; name = "Pods-PokemonGORadar.release.xcconfig"; path = "Pods/Target Support Files/Pods-PokemonGORadar/Pods-PokemonGORadar.release.xcconfig"; sourceTree = "<group>"; };
		CD2CCBFE6B8A386D45BF209B /* Pods-PokemonGORadar.debug.xcconfig */ = {isa = PBXFileReference; includeInIndex = 1; lastKnownFileType = text.xcconfig; name = "Pods-PokemonGORadar.debug.xcconfig"; path = "Pods/Target Support Files/Pods-PokemonGORadar/Pods-PokemonGORadar.debug.xcconfig"; sourceTree = "<group>"; };
		DB8EDB4F1EF3345900097B56 /* GeoFire.h */ = {isa = PBXFileReference; fileEncoding = 4; lastKnownFileType = sourcecode.c.h; path = GeoFire.h; sourceTree = "<group>"; };
		DB8EDB501EF3345900097B56 /* GFCircleQuery.h */ = {isa = PBXFileReference; fileEncoding = 4; lastKnownFileType = sourcecode.c.h; path = GFCircleQuery.h; sourceTree = "<group>"; };
		DB8EDB511EF3345900097B56 /* GFQuery.h */ = {isa = PBXFileReference; fileEncoding = 4; lastKnownFileType = sourcecode.c.h; path = GFQuery.h; sourceTree = "<group>"; };
		DB8EDB521EF3345900097B56 /* GFRegionQuery.h */ = {isa = PBXFileReference; fileEncoding = 4; lastKnownFileType = sourcecode.c.h; path = GFRegionQuery.h; sourceTree = "<group>"; };
		DB8EDB531EF3345900097B56 /* GeoFire-Prefix.pch */ = {isa = PBXFileReference; fileEncoding = 4; lastKnownFileType = sourcecode.c.h; path = "GeoFire-Prefix.pch"; sourceTree = "<group>"; };
		DB8EDB551EF3345900097B56 /* GeoFire+Private.h */ = {isa = PBXFileReference; fileEncoding = 4; lastKnownFileType = sourcecode.c.h; path = "GeoFire+Private.h"; sourceTree = "<group>"; };
		DB8EDB561EF3345900097B56 /* GeoFire.m */ = {isa = PBXFileReference; fileEncoding = 4; lastKnownFileType = sourcecode.c.objc; path = GeoFire.m; sourceTree = "<group>"; };
		DB8EDB571EF3345900097B56 /* GFBase32Utils.h */ = {isa = PBXFileReference; fileEncoding = 4; lastKnownFileType = sourcecode.c.h; path = GFBase32Utils.h; sourceTree = "<group>"; };
		DB8EDB581EF3345900097B56 /* GFBase32Utils.m */ = {isa = PBXFileReference; fileEncoding = 4; lastKnownFileType = sourcecode.c.objc; path = GFBase32Utils.m; sourceTree = "<group>"; };
		DB8EDB591EF3345900097B56 /* GFGeoHash.h */ = {isa = PBXFileReference; fileEncoding = 4; lastKnownFileType = sourcecode.c.h; path = GFGeoHash.h; sourceTree = "<group>"; };
		DB8EDB5A1EF3345900097B56 /* GFGeoHash.m */ = {isa = PBXFileReference; fileEncoding = 4; lastKnownFileType = sourcecode.c.objc; path = GFGeoHash.m; sourceTree = "<group>"; };
		DB8EDB5B1EF3345900097B56 /* GFGeoHashQuery.h */ = {isa = PBXFileReference; fileEncoding = 4; lastKnownFileType = sourcecode.c.h; path = GFGeoHashQuery.h; sourceTree = "<group>"; };
		DB8EDB5C1EF3345900097B56 /* GFGeoHashQuery.m */ = {isa = PBXFileReference; fileEncoding = 4; lastKnownFileType = sourcecode.c.objc; path = GFGeoHashQuery.m; sourceTree = "<group>"; };
		DB8EDB5D1EF3345900097B56 /* GFQuery+Private.h */ = {isa = PBXFileReference; fileEncoding = 4; lastKnownFileType = sourcecode.c.h; path = "GFQuery+Private.h"; sourceTree = "<group>"; };
		DB8EDB5E1EF3345900097B56 /* GFQuery.m */ = {isa = PBXFileReference; fileEncoding = 4; lastKnownFileType = sourcecode.c.objc; path = GFQuery.m; sourceTree = "<group>"; };
		DB8EDB671EF33EF100097B56 /* PokemonGoFinder-Bridging-Header.h */ = {isa = PBXFileReference; fileEncoding = 4; lastKnownFileType = sourcecode.c.h; path = "PokemonGoFinder-Bridging-Header.h"; sourceTree = "<group>"; };
		DB8EDB6B1F01B53500097B56 /* PokeAnnotation.swift */ = {isa = PBXFileReference; fileEncoding = 4; lastKnownFileType = sourcecode.swift; path = PokeAnnotation.swift; sourceTree = "<group>"; };
		DBB6FA561EF1D45A0076CDAA /* PokemonGORadar.app */ = {isa = PBXFileReference; explicitFileType = wrapper.application; includeInIndex = 0; path = PokemonGORadar.app; sourceTree = BUILT_PRODUCTS_DIR; };
		DBB6FA591EF1D45A0076CDAA /* AppDelegate.swift */ = {isa = PBXFileReference; lastKnownFileType = sourcecode.swift; path = AppDelegate.swift; sourceTree = "<group>"; };
		DBB6FA5B1EF1D45A0076CDAA /* ViewController.swift */ = {isa = PBXFileReference; lastKnownFileType = sourcecode.swift; path = ViewController.swift; sourceTree = "<group>"; };
		DBB6FA5E1EF1D45A0076CDAA /* Base */ = {isa = PBXFileReference; lastKnownFileType = file.storyboard; name = Base; path = Base.lproj/Main.storyboard; sourceTree = "<group>"; };
		DBB6FA601EF1D45A0076CDAA /* Assets.xcassets */ = {isa = PBXFileReference; lastKnownFileType = folder.assetcatalog; path = Assets.xcassets; sourceTree = "<group>"; };
		DBB6FA631EF1D45A0076CDAA /* Base */ = {isa = PBXFileReference; lastKnownFileType = file.storyboard; name = Base; path = Base.lproj/LaunchScreen.storyboard; sourceTree = "<group>"; };
		DBB6FA651EF1D45A0076CDAA /* Info.plist */ = {isa = PBXFileReference; lastKnownFileType = text.plist.xml; path = Info.plist; sourceTree = "<group>"; };
		DBB6FA6B1EF32A380076CDAA /* GoogleService-Info.plist */ = {isa = PBXFileReference; fileEncoding = 4; lastKnownFileType = text.plist.xml; path = "GoogleService-Info.plist"; sourceTree = "<group>"; };
		EAE3A48B08799682CC61E9CD /* Pods_PokemonGORadar.framework */ = {isa = PBXFileReference; explicitFileType = wrapper.framework; includeInIndex = 0; path = Pods_PokemonGORadar.framework; sourceTree = BUILT_PRODUCTS_DIR; };
/* End PBXFileReference section */

/* Begin PBXFrameworksBuildPhase section */
		DBB6FA531EF1D45A0076CDAA /* Frameworks */ = {
			isa = PBXFrameworksBuildPhase;
			buildActionMask = 2147483647;
			files = (
				A0B737F158AC2882F6EB53D6 /* Pods_PokemonGORadar.framework in Frameworks */,
			);
			runOnlyForDeploymentPostprocessing = 0;
		};
/* End PBXFrameworksBuildPhase section */

/* Begin PBXGroup section */
		D4DF303618EDFAD72F5A4DA4 /* Pods */ = {
			isa = PBXGroup;
			children = (
				CD2CCBFE6B8A386D45BF209B /* Pods-PokemonGORadar.debug.xcconfig */,
				8E8EE337020BCF4EFCB077A0 /* Pods-PokemonGORadar.release.xcconfig */,
			);
			name = Pods;
			sourceTree = "<group>";
		};
		DB8EDB4D1EF3345900097B56 /* GeoFire */ = {
			isa = PBXGroup;
			children = (
				DB8EDB4E1EF3345900097B56 /* API */,
				DB8EDB531EF3345900097B56 /* GeoFire-Prefix.pch */,
				DB8EDB541EF3345900097B56 /* Implementation */,
			);
			path = GeoFire;
			sourceTree = "<group>";
		};
		DB8EDB4E1EF3345900097B56 /* API */ = {
			isa = PBXGroup;
			children = (
				DB8EDB4F1EF3345900097B56 /* GeoFire.h */,
				DB8EDB501EF3345900097B56 /* GFCircleQuery.h */,
				DB8EDB511EF3345900097B56 /* GFQuery.h */,
				DB8EDB521EF3345900097B56 /* GFRegionQuery.h */,
			);
			path = API;
			sourceTree = "<group>";
		};
		DB8EDB541EF3345900097B56 /* Implementation */ = {
			isa = PBXGroup;
			children = (
				DB8EDB551EF3345900097B56 /* GeoFire+Private.h */,
				DB8EDB561EF3345900097B56 /* GeoFire.m */,
				DB8EDB571EF3345900097B56 /* GFBase32Utils.h */,
				DB8EDB581EF3345900097B56 /* GFBase32Utils.m */,
				DB8EDB591EF3345900097B56 /* GFGeoHash.h */,
				DB8EDB5A1EF3345900097B56 /* GFGeoHash.m */,
				DB8EDB5B1EF3345900097B56 /* GFGeoHashQuery.h */,
				DB8EDB5C1EF3345900097B56 /* GFGeoHashQuery.m */,
				DB8EDB5D1EF3345900097B56 /* GFQuery+Private.h */,
				DB8EDB5E1EF3345900097B56 /* GFQuery.m */,
			);
			path = Implementation;
			sourceTree = "<group>";
		};
		DB8EDB681F01B47000097B56 /* Controller */ = {
			isa = PBXGroup;
			children = (
				DBB6FA5B1EF1D45A0076CDAA /* ViewController.swift */,
			);
			name = Controller;
			sourceTree = "<group>";
		};
		DB8EDB691F01B49300097B56 /* View */ = {
			isa = PBXGroup;
			children = (
				DBB6FA5D1EF1D45A0076CDAA /* Main.storyboard */,
				DBB6FA601EF1D45A0076CDAA /* Assets.xcassets */,
				DBB6FA621EF1D45A0076CDAA /* LaunchScreen.storyboard */,
			);
			name = View;
			sourceTree = "<group>";
		};
		DB8EDB6A1F01B49F00097B56 /* Model */ = {
			isa = PBXGroup;
			children = (
				DBB6FA591EF1D45A0076CDAA /* AppDelegate.swift */,
				DB8EDB6B1F01B53500097B56 /* PokeAnnotation.swift */,
			);
			name = Model;
			sourceTree = "<group>";
		};
		DBB6FA4D1EF1D45A0076CDAA = {
			isa = PBXGroup;
			children = (
				DBB6FA581EF1D45A0076CDAA /* PokemonGORadar */,
				DBB6FA571EF1D45A0076CDAA /* Products */,
				D4DF303618EDFAD72F5A4DA4 /* Pods */,
				F86DCDB90BFFF50BDF27547C /* Frameworks */,
			);
			sourceTree = "<group>";
		};
		DBB6FA571EF1D45A0076CDAA /* Products */ = {
			isa = PBXGroup;
			children = (
				DBB6FA561EF1D45A0076CDAA /* PokemonGORadar.app */,
			);
			name = Products;
			sourceTree = "<group>";
		};
		DBB6FA581EF1D45A0076CDAA /* PokemonGORadar */ = {
			isa = PBXGroup;
			children = (
				DB8EDB6A1F01B49F00097B56 /* Model */,
				DB8EDB691F01B49300097B56 /* View */,
				DB8EDB681F01B47000097B56 /* Controller */,
				DB8EDB4D1EF3345900097B56 /* GeoFire */,
				DB8EDB671EF33EF100097B56 /* PokemonGoFinder-Bridging-Header.h */,
				DBB6FA6B1EF32A380076CDAA /* GoogleService-Info.plist */,
				DBB6FA651EF1D45A0076CDAA /* Info.plist */,
			);
			path = PokemonGORadar;
			sourceTree = "<group>";
		};
		F86DCDB90BFFF50BDF27547C /* Frameworks */ = {
			isa = PBXGroup;
			children = (
				EAE3A48B08799682CC61E9CD /* Pods_PokemonGORadar.framework */,
			);
			name = Frameworks;
			sourceTree = "<group>";
		};
/* End PBXGroup section */

/* Begin PBXNativeTarget section */
		DBB6FA551EF1D45A0076CDAA /* PokemonGORadar */ = {
			isa = PBXNativeTarget;
			buildConfigurationList = DBB6FA681EF1D45A0076CDAA /* Build configuration list for PBXNativeTarget "PokemonGORadar" */;
			buildPhases = (
				142708EBA2604386D7D4F663 /* [CP] Check Pods Manifest.lock */,
				DBB6FA521EF1D45A0076CDAA /* Sources */,
				DBB6FA531EF1D45A0076CDAA /* Frameworks */,
				DBB6FA541EF1D45A0076CDAA /* Resources */,
				411CA6E867243BA81A8B10BC /* [CP] Embed Pods Frameworks */,
				F4DF5A6AEE006E2CBB531E13 /* [CP] Copy Pods Resources */,
			);
			buildRules = (
			);
			dependencies = (
			);
			name = PokemonGORadar;
			productName = PokemonGORadar;
			productReference = DBB6FA561EF1D45A0076CDAA /* PokemonGORadar.app */;
			productType = "com.apple.product-type.application";
		};
/* End PBXNativeTarget section */

/* Begin PBXProject section */
		DBB6FA4E1EF1D45A0076CDAA /* Project object */ = {
			isa = PBXProject;
			attributes = {
				LastSwiftUpdateCheck = 0830;
				LastUpgradeCheck = 0830;
				ORGANIZATIONNAME = "Pavel Parkhomey";
				TargetAttributes = {
					DBB6FA551EF1D45A0076CDAA = {
						CreatedOnToolsVersion = 8.3.2;
						DevelopmentTeam = 6X88V8MC7R;
						ProvisioningStyle = Automatic;
					};
				};
			};
			buildConfigurationList = DBB6FA511EF1D45A0076CDAA /* Build configuration list for PBXProject "PokemonGORadar" */;
			compatibilityVersion = "Xcode 3.2";
			developmentRegion = English;
			hasScannedForEncodings = 0;
			knownRegions = (
				en,
				Base,
			);
			mainGroup = DBB6FA4D1EF1D45A0076CDAA;
			productRefGroup = DBB6FA571EF1D45A0076CDAA /* Products */;
			projectDirPath = "";
			projectRoot = "";
			targets = (
				DBB6FA551EF1D45A0076CDAA /* PokemonGORadar */,
			);
		};
/* End PBXProject section */

/* Begin PBXResourcesBuildPhase section */
		DBB6FA541EF1D45A0076CDAA /* Resources */ = {
			isa = PBXResourcesBuildPhase;
			buildActionMask = 2147483647;
			files = (
				DBB6FA641EF1D45A0076CDAA /* LaunchScreen.storyboard in Resources */,
				DBB6FA6C1EF32A380076CDAA /* GoogleService-Info.plist in Resources */,
				DBB6FA611EF1D45A0076CDAA /* Assets.xcassets in Resources */,
				DBB6FA5F1EF1D45A0076CDAA /* Main.storyboard in Resources */,
			);
			runOnlyForDeploymentPostprocessing = 0;
		};
/* End PBXResourcesBuildPhase section */

/* Begin PBXShellScriptBuildPhase section */
		142708EBA2604386D7D4F663 /* [CP] Check Pods Manifest.lock */ = {
			isa = PBXShellScriptBuildPhase;
			buildActionMask = 2147483647;
			files = (
			);
			inputPaths = (
			);
			name = "[CP] Check Pods Manifest.lock";
			outputPaths = (
			);
			runOnlyForDeploymentPostprocessing = 0;
			shellPath = /bin/sh;
			shellScript = "diff \"${PODS_PODFILE_DIR_PATH}/Podfile.lock\" \"${PODS_ROOT}/Manifest.lock\" > /dev/null\nif [ $? != 0 ] ; then\n    # print error to STDERR\n    echo \"error: The sandbox is not in sync with the Podfile.lock. Run 'pod install' or update your CocoaPods installation.\" >&2\n    exit 1\nfi\n";
			showEnvVarsInLog = 0;
		};
		411CA6E867243BA81A8B10BC /* [CP] Embed Pods Frameworks */ = {
			isa = PBXShellScriptBuildPhase;
			buildActionMask = 2147483647;
			files = (
			);
			inputPaths = (
			);
			name = "[CP] Embed Pods Frameworks";
			outputPaths = (
			);
			runOnlyForDeploymentPostprocessing = 0;
			shellPath = /bin/sh;
			shellScript = "\"${SRCROOT}/Pods/Target Support Files/Pods-PokemonGORadar/Pods-PokemonGORadar-frameworks.sh\"\n";
			showEnvVarsInLog = 0;
		};
		F4DF5A6AEE006E2CBB531E13 /* [CP] Copy Pods Resources */ = {
			isa = PBXShellScriptBuildPhase;
			buildActionMask = 2147483647;
			files = (
			);
			inputPaths = (
			);
			name = "[CP] Copy Pods Resources";
			outputPaths = (
			);
			runOnlyForDeploymentPostprocessing = 0;
			shellPath = /bin/sh;
			shellScript = "\"${SRCROOT}/Pods/Target Support Files/Pods-PokemonGORadar/Pods-PokemonGORadar-resources.sh\"\n";
			showEnvVarsInLog = 0;
		};
/* End PBXShellScriptBuildPhase section */

/* Begin PBXSourcesBuildPhase section */
		DBB6FA521EF1D45A0076CDAA /* Sources */ = {
			isa = PBXSourcesBuildPhase;
			buildActionMask = 2147483647;
			files = (
				DB8EDB601EF3345900097B56 /* GFBase32Utils.m in Sources */,
				DB8EDB6C1F01B53500097B56 /* PokeAnnotation.swift in Sources */,
				DBB6FA5C1EF1D45A0076CDAA /* ViewController.swift in Sources */,
				DB8EDB611EF3345900097B56 /* GFGeoHash.m in Sources */,
				DBB6FA5A1EF1D45A0076CDAA /* AppDelegate.swift in Sources */,
				DB8EDB5F1EF3345900097B56 /* GeoFire.m in Sources */,
				DB8EDB621EF3345900097B56 /* GFGeoHashQuery.m in Sources */,
				DB8EDB631EF3345900097B56 /* GFQuery.m in Sources */,
			);
			runOnlyForDeploymentPostprocessing = 0;
		};
/* End PBXSourcesBuildPhase section */

/* Begin PBXVariantGroup section */
		DBB6FA5D1EF1D45A0076CDAA /* Main.storyboard */ = {
			isa = PBXVariantGroup;
			children = (
				DBB6FA5E1EF1D45A0076CDAA /* Base */,
			);
			name = Main.storyboard;
			sourceTree = "<group>";
		};
		DBB6FA621EF1D45A0076CDAA /* LaunchScreen.storyboard */ = {
			isa = PBXVariantGroup;
			children = (
				DBB6FA631EF1D45A0076CDAA /* Base */,
			);
			name = LaunchScreen.storyboard;
			sourceTree = "<group>";
		};
/* End PBXVariantGroup section */

/* Begin XCBuildConfiguration section */
		DBB6FA661EF1D45A0076CDAA /* Debug */ = {
			isa = XCBuildConfiguration;
			buildSettings = {
				ALWAYS_SEARCH_USER_PATHS = NO;
				CLANG_ANALYZER_NONNULL = YES;
				CLANG_ANALYZER_NUMBER_OBJECT_CONVERSION = YES_AGGRESSIVE;
				CLANG_CXX_LANGUAGE_STANDARD = "gnu++0x";
				CLANG_CXX_LIBRARY = "libc++";
				CLANG_ENABLE_MODULES = YES;
				CLANG_ENABLE_OBJC_ARC = YES;
				CLANG_WARN_BOOL_CONVERSION = YES;
				CLANG_WARN_CONSTANT_CONVERSION = YES;
				CLANG_WARN_DIRECT_OBJC_ISA_USAGE = YES_ERROR;
				CLANG_WARN_DOCUMENTATION_COMMENTS = YES;
				CLANG_WARN_EMPTY_BODY = YES;
				CLANG_WARN_ENUM_CONVERSION = YES;
				CLANG_WARN_INFINITE_RECURSION = YES;
				CLANG_WARN_INT_CONVERSION = YES;
				CLANG_WARN_OBJC_ROOT_CLASS = YES_ERROR;
				CLANG_WARN_SUSPICIOUS_MOVE = YES;
				CLANG_WARN_UNREACHABLE_CODE = YES;
				CLANG_WARN__DUPLICATE_METHOD_MATCH = YES;
				"CODE_SIGN_IDENTITY[sdk=iphoneos*]" = "iPhone Developer";
				COPY_PHASE_STRIP = NO;
				DEBUG_INFORMATION_FORMAT = dwarf;
				ENABLE_STRICT_OBJC_MSGSEND = YES;
				ENABLE_TESTABILITY = YES;
				GCC_C_LANGUAGE_STANDARD = gnu99;
				GCC_DYNAMIC_NO_PIC = NO;
				GCC_NO_COMMON_BLOCKS = YES;
				GCC_OPTIMIZATION_LEVEL = 0;
				GCC_PREPROCESSOR_DEFINITIONS = (
					"DEBUG=1",
					"$(inherited)",
				);
				GCC_WARN_64_TO_32_BIT_CONVERSION = YES;
				GCC_WARN_ABOUT_RETURN_TYPE = YES_ERROR;
				GCC_WARN_UNDECLARED_SELECTOR = YES;
				GCC_WARN_UNINITIALIZED_AUTOS = YES_AGGRESSIVE;
				GCC_WARN_UNUSED_FUNCTION = YES;
				GCC_WARN_UNUSED_VARIABLE = YES;
				IPHONEOS_DEPLOYMENT_TARGET = 10.3;
				MTL_ENABLE_DEBUG_INFO = YES;
				ONLY_ACTIVE_ARCH = YES;
				SDKROOT = iphoneos;
				SWIFT_ACTIVE_COMPILATION_CONDITIONS = DEBUG;
				SWIFT_OPTIMIZATION_LEVEL = "-Onone";
			};
			name = Debug;
		};
		DBB6FA671EF1D45A0076CDAA /* Release */ = {
			isa = XCBuildConfiguration;
			buildSettings = {
				ALWAYS_SEARCH_USER_PATHS = NO;
				CLANG_ANALYZER_NONNULL = YES;
				CLANG_ANALYZER_NUMBER_OBJECT_CONVERSION = YES_AGGRESSIVE;
				CLANG_CXX_LANGUAGE_STANDARD = "gnu++0x";
				CLANG_CXX_LIBRARY = "libc++";
				CLANG_ENABLE_MODULES = YES;
				CLANG_ENABLE_OBJC_ARC = YES;
				CLANG_WARN_BOOL_CONVERSION = YES;
				CLANG_WARN_CONSTANT_CONVERSION = YES;
				CLANG_WARN_DIRECT_OBJC_ISA_USAGE = YES_ERROR;
				CLANG_WARN_DOCUMENTATION_COMMENTS = YES;
				CLANG_WARN_EMPTY_BODY = YES;
				CLANG_WARN_ENUM_CONVERSION = YES;
				CLANG_WARN_INFINITE_RECURSION = YES;
				CLANG_WARN_INT_CONVERSION = YES;
				CLANG_WARN_OBJC_ROOT_CLASS = YES_ERROR;
				CLANG_WARN_SUSPICIOUS_MOVE = YES;
				CLANG_WARN_UNREACHABLE_CODE = YES;
				CLANG_WARN__DUPLICATE_METHOD_MATCH = YES;
				"CODE_SIGN_IDENTITY[sdk=iphoneos*]" = "iPhone Developer";
				COPY_PHASE_STRIP = NO;
				DEBUG_INFORMATION_FORMAT = "dwarf-with-dsym";
				ENABLE_NS_ASSERTIONS = NO;
				ENABLE_STRICT_OBJC_MSGSEND = YES;
				GCC_C_LANGUAGE_STANDARD = gnu99;
				GCC_NO_COMMON_BLOCKS = YES;
				GCC_WARN_64_TO_32_BIT_CONVERSION = YES;
				GCC_WARN_ABOUT_RETURN_TYPE = YES_ERROR;
				GCC_WARN_UNDECLARED_SELECTOR = YES;
				GCC_WARN_UNINITIALIZED_AUTOS = YES_AGGRESSIVE;
				GCC_WARN_UNUSED_FUNCTION = YES;
				GCC_WARN_UNUSED_VARIABLE = YES;
				IPHONEOS_DEPLOYMENT_TARGET = 10.3;
				MTL_ENABLE_DEBUG_INFO = NO;
				SDKROOT = iphoneos;
				SWIFT_OPTIMIZATION_LEVEL = "-Owholemodule";
				VALIDATE_PRODUCT = YES;
			};
			name = Release;
		};
		DBB6FA691EF1D45A0076CDAA /* Debug */ = {
			isa = XCBuildConfiguration;
			baseConfigurationReference = CD2CCBFE6B8A386D45BF209B /* Pods-PokemonGORadar.debug.xcconfig */;
			buildSettings = {
				ASSETCATALOG_COMPILER_APPICON_NAME = AppIcon;
				DEVELOPMENT_TEAM = 6X88V8MC7R;
				INFOPLIST_FILE = PokemonGORadar/Info.plist;
				LD_RUNPATH_SEARCH_PATHS = "$(inherited) @executable_path/Frameworks";
				PRODUCT_BUNDLE_IDENTIFIER = com.myapp.pokesearch;
				PRODUCT_NAME = "$(TARGET_NAME)";
				SWIFT_OBJC_BRIDGING_HEADER = "PokemonGORadar/PokemonGoFinder-Bridging-Header.h";
				SWIFT_VERSION = 3.0;
			};
			name = Debug;
		};
		DBB6FA6A1EF1D45A0076CDAA /* Release */ = {
			isa = XCBuildConfiguration;
			baseConfigurationReference = 8E8EE337020BCF4EFCB077A0 /* Pods-PokemonGORadar.release.xcconfig */;
			buildSettings = {
				ASSETCATALOG_COMPILER_APPICON_NAME = AppIcon;
				DEVELOPMENT_TEAM = 6X88V8MC7R;
				INFOPLIST_FILE = PokemonGORadar/Info.plist;
				LD_RUNPATH_SEARCH_PATHS = "$(inherited) @executable_path/Frameworks";
				PRODUCT_BUNDLE_IDENTIFIER = com.myapp.pokesearch;
				PRODUCT_NAME = "$(TARGET_NAME)";
				SWIFT_OBJC_BRIDGING_HEADER = "PokemonGORadar/PokemonGoFinder-Bridging-Header.h";
				SWIFT_VERSION = 3.0;
			};
			name = Release;
		};
/* End XCBuildConfiguration section */

/* Begin XCConfigurationList section */
		DBB6FA511EF1D45A0076CDAA /* Build configuration list for PBXProject "PokemonGORadar" */ = {
			isa = XCConfigurationList;
			buildConfigurations = (
				DBB6FA661EF1D45A0076CDAA /* Debug */,
				DBB6FA671EF1D45A0076CDAA /* Release */,
			);
			defaultConfigurationIsVisible = 0;
			defaultConfigurationName = Release;
		};
		DBB6FA681EF1D45A0076CDAA /* Build configuration list for PBXNativeTarget "PokemonGORadar" */ = {
			isa = XCConfigurationList;
			buildConfigurations = (
				DBB6FA691EF1D45A0076CDAA /* Debug */,
				DBB6FA6A1EF1D45A0076CDAA /* Release */,
			);
			defaultConfigurationIsVisible = 0;
			defaultConfigurationName = Release;
		};
/* End XCConfigurationList section */
	};
	rootObject = DBB6FA4E1EF1D45A0076CDAA /* Project object */;
}
